
Microsoft Visual Studio Solution File, Format Version 12.00
# Visual Studio Version 17
VisualStudioVersion = 17.5.002.0
MinimumVisualStudioVersion = 10.0.40219.1
Project("{9A19103F-16F7-4668-BE54-9A1E7A4F7556}") = "secoundyear", "secoundyear.csproj", "{BA346EB9-E082-4AEB-9470-07D1BDC33E15}"
EndProject
Global
	GlobalSection(SolutionConfigurationPlatforms) = preSolution
		Debug|Any CPU = Debug|Any CPU
		Release|Any CPU = Release|Any CPU
	EndGlobalSection
	GlobalSection(ProjectConfigurationPlatforms) = postSolution
		{BA346EB9-E082-4AEB-9470-07D1BDC33E15}.Debug|Any CPU.ActiveCfg = Debug|Any CPU
		{BA346EB9-E082-4AEB-9470-07D1BDC33E15}.Debug|Any CPU.Build.0 = Debug|Any CPU
		{BA346EB9-E082-4AEB-9470-07D1BDC33E15}.Release|Any CPU.ActiveCfg = Release|Any CPU
		{BA346EB9-E082-4AEB-9470-07D1BDC33E15}.Release|Any CPU.Build.0 = Release|Any CPU
	EndGlobalSection
	GlobalSection(SolutionProperties) = preSolution
		HideSolutionNode = FALSE
	EndGlobalSection
	GlobalSection(ExtensibilityGlobals) = postSolution
		SolutionGuid = {79B228F1-0E92-4318-831A-7C73063E99EE}
	EndGlobalSection
EndGlobal
